Microsoft Visual Studio Solution File, Format Version 11.00
# Visual Studio 2008

Project("{40B3D860-A96F-20B8-8A2E-EB6E6E2B51D8}") = "swingstring", "Assembly-CSharp-vs.csproj", "{D6A70FDB-2A72-B126-A104-6D4E254FFCAA}"
EndProject
Global
	GlobalSection(SolutionConfigurationPlatforms) = preSolution
		Debug|Any CPU = Debug|Any CPU
		Release|Any CPU = Release|Any CPU
	EndGlobalSection
	GlobalSection(ProjectConfigurationPlatforms) = postSolution
		{D6A70FDB-2A72-B126-A104-6D4E254FFCAA}.Debug|Any CPU.ActiveCfg = Debug|Any CPU
		{D6A70FDB-2A72-B126-A104-6D4E254FFCAA}.Debug|Any CPU.Build.0 = Debug|Any CPU
		{D6A70FDB-2A72-B126-A104-6D4E254FFCAA}.Release|Any CPU.ActiveCfg = Release|Any CPU
		{D6A70FDB-2A72-B126-A104-6D4E254FFCAA}.Release|Any CPU.Build.0 = Release|Any CPU
	EndGlobalSection
	GlobalSection(SolutionProperties) = preSolution
		HideSolutionNode = FALSE
	EndGlobalSection
																																																										GlobalSection(MonoDevelopProperties) = preSolution
		StartupItem = Assembly-CSharp.csproj
		Policies = $0
		$0.TextStylePolicy = $1
		$1.inheritsSet = null
		$1.scope = text/x-csharp
		$0.CSharpFormattingPolicy = $2
		$2.inheritsSet = Mono
		$2.inheritsScope = text/x-csharp
		$2.scope = text/x-csharp
		$0.TextStylePolicy = $3
		$3.FileWidth = 120
		$3.TabWidth = 4
		$3.EolMarker = Unix
		$3.inheritsSet = Mono
		$3.inheritsScope = text/plain
		$3.scope = text/plain
	EndGlobalSection

EndGlobal
